// !$*UTF8*$!
{
	archiveVersion = 1;
	classes = {
	};
	objectVersion = 51;
	objects = {

/* Begin PBXBuildFile section */
		256B8F57350EEED71B9D245C /* Pods_HomeKhaana.framework in Frameworks */ = {isa = PBXBuildFile; fileRef = EB5E66F4207D926BF78EC654 /* Pods_HomeKhaana.framework */; };
		8D0D487326518BBB9AF5546E /* Pods_HomeKhaanaUITests.framework in Frameworks */ = {isa = PBXBuildFile; fileRef = 2BA8DA47897D81FE04B0BDD2 /* Pods_HomeKhaanaUITests.framework */; };
		B609916022CE59A700A3543A /* KitchenHeaderTableViewCell.swift in Sources */ = {isa = PBXBuildFile; fileRef = B609915F22CE59A700A3543A /* KitchenHeaderTableViewCell.swift */; };
		B609AC3F2120C8C000C45C49 /* Order.swift in Sources */ = {isa = PBXBuildFile; fileRef = B609AC3E2120C8C000C45C49 /* Order.swift */; };
		B609AC412128A4F500C45C49 /* OrderConfirmationViewController.swift in Sources */ = {isa = PBXBuildFile; fileRef = B609AC402128A4F500C45C49 /* OrderConfirmationViewController.swift */; };
		B60D729D259CFB7600FD5B9B /* EditSectionTableViewController.swift in Sources */ = {isa = PBXBuildFile; fileRef = B60D729C259CFB7600FD5B9B /* EditSectionTableViewController.swift */; };
		B610D6AE223DA23300E94E27 /* LocationSearchTable.swift in Sources */ = {isa = PBXBuildFile; fileRef = B610D6AD223DA23300E94E27 /* LocationSearchTable.swift */; };
		B610D6B0223DB0B700E94E27 /* LocationViewController.swift in Sources */ = {isa = PBXBuildFile; fileRef = B610D6AF223DB0B700E94E27 /* LocationViewController.swift */; };
		B61558C920D6D7B400471718 /* NotificationsViewController.swift in Sources */ = {isa = PBXBuildFile; fileRef = B61558C820D6D7B400471718 /* NotificationsViewController.swift */; };
		B61558CF20D6D93D00471718 /* HowItWorksViewController.swift in Sources */ = {isa = PBXBuildFile; fileRef = B61558CE20D6D93D00471718 /* HowItWorksViewController.swift */; };
		B61558D120D7476700471718 /* User.swift in Sources */ = {isa = PBXBuildFile; fileRef = B61558D020D7476700471718 /* User.swift */; };
		B61558D320D8611F00471718 /* UserPreferencesViewController.swift in Sources */ = {isa = PBXBuildFile; fileRef = B61558D220D8611F00471718 /* UserPreferencesViewController.swift */; };
		B61558D520D8641F00471718 /* CustomUIButton.swift in Sources */ = {isa = PBXBuildFile; fileRef = B61558D420D8641F00471718 /* CustomUIButton.swift */; };
		B61558D720DCA74B00471718 /* Todo.rtf in Resources */ = {isa = PBXBuildFile; fileRef = B61558D620DCA74B00471718 /* Todo.rtf */; };
		B61558DB20DF0B6700471718 /* Choice.swift in Sources */ = {isa = PBXBuildFile; fileRef = B61558DA20DF0B6700471718 /* Choice.swift */; };
		B61558DD20DF0D4200471718 /* DataManager.swift in Sources */ = {isa = PBXBuildFile; fileRef = B61558DC20DF0D4100471718 /* DataManager.swift */; };
		B61B78F221177BED000EDE80 /* UserInitializationErrorViewController.swift in Sources */ = {isa = PBXBuildFile; fileRef = B61B78F121177BED000EDE80 /* UserInitializationErrorViewController.swift */; };
		B61F20C721B3467000A85EDF /* InventoryTableViewController.swift in Sources */ = {isa = PBXBuildFile; fileRef = B61F20C621B3467000A85EDF /* InventoryTableViewController.swift */; };
		B61F20CA21B357D900A85EDF /* KitchenDetailsViewController.swift in Sources */ = {isa = PBXBuildFile; fileRef = B61F20C921B357D900A85EDF /* KitchenDetailsViewController.swift */; };
		B61F20CC21B8D23400A85EDF /* CurrentOrdersTableViewCell.swift in Sources */ = {isa = PBXBuildFile; fileRef = B61F20CB21B8D23400A85EDF /* CurrentOrdersTableViewCell.swift */; };
		B621EC9221BDE08D00869BD8 /* KitchenProfileViewController.swift in Sources */ = {isa = PBXBuildFile; fileRef = B621EC9121BDE08D00869BD8 /* KitchenProfileViewController.swift */; };
		B621EC9421BE1E2F00869BD8 /* InventoryAddItemViewController.swift in Sources */ = {isa = PBXBuildFile; fileRef = B621EC9321BE1E2F00869BD8 /* InventoryAddItemViewController.swift */; };
		B6241BFD22431B0200199845 /* LocationServicesViewController.swift in Sources */ = {isa = PBXBuildFile; fileRef = B6241BFC22431B0200199845 /* LocationServicesViewController.swift */; };
		B6241BFF2249A8C500199845 /* RatingControl.swift in Sources */ = {isa = PBXBuildFile; fileRef = B6241BFE2249A8C500199845 /* RatingControl.swift */; };
		B6287B4420E873C1009FF79D /* ChoiceDetailViewController.swift in Sources */ = {isa = PBXBuildFile; fileRef = B6287B4320E873C1009FF79D /* ChoiceDetailViewController.swift */; };
		B62F26F0213B536100FA88D3 /* CurrentOrdersTableViewController.swift in Sources */ = {isa = PBXBuildFile; fileRef = B62F26EF213B536100FA88D3 /* CurrentOrdersTableViewController.swift */; };
		B62F26F4213CA20200FA88D3 /* LoadingScreenViewController.swift in Sources */ = {isa = PBXBuildFile; fileRef = B62F26F3213CA20200FA88D3 /* LoadingScreenViewController.swift */; };
		B62F26F6213CA83000FA88D3 /* LoaderController.swift in Sources */ = {isa = PBXBuildFile; fileRef = B62F26F5213CA83000FA88D3 /* LoaderController.swift */; };
		B64393A220DFC7D800058C82 /* ChoiceTableViewCell.swift in Sources */ = {isa = PBXBuildFile; fileRef = B64393A120DFC7D800058C82 /* ChoiceTableViewCell.swift */; };
		B646F95E24CF71B000338198 /* SpecialKitchenTableViewCell.swift in Sources */ = {isa = PBXBuildFile; fileRef = B646F95D24CF71AF00338198 /* SpecialKitchenTableViewCell.swift */; };
		B646F96024CF75B900338198 /* SpecialKitchenCollectionViewCell.swift in Sources */ = {isa = PBXBuildFile; fileRef = B646F95F24CF75B900338198 /* SpecialKitchenCollectionViewCell.swift */; };
		B64AB0BC20BCC707003B966C /* AppDelegate.swift in Sources */ = {isa = PBXBuildFile; fileRef = B64AB0BB20BCC707003B966C /* AppDelegate.swift */; };
		B64AB0C120BCC707003B966C /* Main.storyboard in Resources */ = {isa = PBXBuildFile; fileRef = B64AB0BF20BCC707003B966C /* Main.storyboard */; };
		B64AB0C320BCC70A003B966C /* Assets.xcassets in Resources */ = {isa = PBXBuildFile; fileRef = B64AB0C220BCC70A003B966C /* Assets.xcassets */; };
		B64AB0C620BCC70A003B966C /* LaunchScreen.storyboard in Resources */ = {isa = PBXBuildFile; fileRef = B64AB0C420BCC70A003B966C /* LaunchScreen.storyboard */; };
		B64AB0D120BCC70A003B966C /* HomeKhaanaTests.swift in Sources */ = {isa = PBXBuildFile; fileRef = B64AB0D020BCC70A003B966C /* HomeKhaanaTests.swift */; };
		B64AB0DC20BCC70A003B966C /* HomeKhaanaUITests.swift in Sources */ = {isa = PBXBuildFile; fileRef = B64AB0DB20BCC70A003B966C /* HomeKhaanaUITests.swift */; };
		B6552C6624B28B3C00993521 /* GoogleService-Info.plist in Resources */ = {isa = PBXBuildFile; fileRef = B6552C6524B28B3C00993521 /* GoogleService-Info.plist */; };
		B655FFBF219BA975008691D2 /* KitchensTableViewController.swift in Sources */ = {isa = PBXBuildFile; fileRef = B655FFBE219BA975008691D2 /* KitchensTableViewController.swift */; };
		B655FFC1219BA98F008691D2 /* Kitchen.swift in Sources */ = {isa = PBXBuildFile; fileRef = B655FFC0219BA98F008691D2 /* Kitchen.swift */; };
		B655FFC3219BA9A4008691D2 /* KitchenTableViewCell.swift in Sources */ = {isa = PBXBuildFile; fileRef = B655FFC2219BA9A4008691D2 /* KitchenTableViewCell.swift */; };
		B655FFC5219D1046008691D2 /* ChoiceGroup.swift in Sources */ = {isa = PBXBuildFile; fileRef = B655FFC4219D1046008691D2 /* ChoiceGroup.swift */; };
		B655FFC721A0D302008691D2 /* Cart.swift in Sources */ = {isa = PBXBuildFile; fileRef = B655FFC621A0D302008691D2 /* Cart.swift */; };
		B66BA41E24BB742300190CEA /* UserDataManager.swift in Sources */ = {isa = PBXBuildFile; fileRef = B66BA41D24BB742300190CEA /* UserDataManager.swift */; };
		B66BA42024BB743400190CEA /* KitchenDataManager.swift in Sources */ = {isa = PBXBuildFile; fileRef = B66BA41F24BB743400190CEA /* KitchenDataManager.swift */; };
		B66BA42224BB8DF100190CEA /* RatingHandler.swift in Sources */ = {isa = PBXBuildFile; fileRef = B66BA42124BB8DF100190CEA /* RatingHandler.swift */; };
		B6728AF224DF4C7C00A99DCD /* FeaturedChoiceCollectionViewCell.swift in Sources */ = {isa = PBXBuildFile; fileRef = B6728AF124DF4C7C00A99DCD /* FeaturedChoiceCollectionViewCell.swift */; };
		B6728AF824DF4D3700A99DCD /* FeatureChoicesTableViewCell.swift in Sources */ = {isa = PBXBuildFile; fileRef = B6728AF724DF4D3700A99DCD /* FeatureChoicesTableViewCell.swift */; };
		B6728AFA24DF4F6700A99DCD /* KitchenViewController.swift in Sources */ = {isa = PBXBuildFile; fileRef = B6728AF924DF4F6700A99DCD /* KitchenViewController.swift */; };
		B691C78820E9AA440060CF98 /* CartViewController.swift in Sources */ = {isa = PBXBuildFile; fileRef = B691C78720E9AA440060CF98 /* CartViewController.swift */; };
		B691C78A20E9B09C0060CF98 /* HomeTabBarController.swift in Sources */ = {isa = PBXBuildFile; fileRef = B691C78920E9B09C0060CF98 /* HomeTabBarController.swift */; };
		B691C78C20E9B8D30060CF98 /* CartTableViewCell.swift in Sources */ = {isa = PBXBuildFile; fileRef = B691C78B20E9B8D30060CF98 /* CartTableViewCell.swift */; };
		B691C78E20EB3B480060CF98 /* Shared.swift in Sources */ = {isa = PBXBuildFile; fileRef = B691C78D20EB3B480060CF98 /* Shared.swift */; };
		B691C79220FBF97E0060CF98 /* PaymentSource.swift in Sources */ = {isa = PBXBuildFile; fileRef = B691C79120FBF97E0060CF98 /* PaymentSource.swift */; };
		B691C79420FD82050060CF98 /* PaymentSourceTableViewCell.swift in Sources */ = {isa = PBXBuildFile; fileRef = B691C79320FD82050060CF98 /* PaymentSourceTableViewCell.swift */; };
		B691C79620FD823D0060CF98 /* AddPaymentTableViewCell.swift in Sources */ = {isa = PBXBuildFile; fileRef = B691C79520FD823D0060CF98 /* AddPaymentTableViewCell.swift */; };
		B691C79820FD834C0060CF98 /* PaymentSourceTableViewController.swift in Sources */ = {isa = PBXBuildFile; fileRef = B691C79720FD834C0060CF98 /* PaymentSourceTableViewController.swift */; };
		B69CE0802129F91B00B7CFDB /* OrdersTableViewController.swift in Sources */ = {isa = PBXBuildFile; fileRef = B69CE07F2129F91B00B7CFDB /* OrdersTableViewController.swift */; };
		B69CE0822129F93200B7CFDB /* OrdersTableViewCell.swift in Sources */ = {isa = PBXBuildFile; fileRef = B69CE0812129F93200B7CFDB /* OrdersTableViewCell.swift */; };
		B69F54AC20CDD67900E1B0EB /* SignUpViewController.swift in Sources */ = {isa = PBXBuildFile; fileRef = B69F54AB20CDD67900E1B0EB /* SignUpViewController.swift */; };
		B69F54AE20CDDBCF00E1B0EB /* UserProfileViewController.swift in Sources */ = {isa = PBXBuildFile; fileRef = B69F54AD20CDDBCF00E1B0EB /* UserProfileViewController.swift */; };
		B69F54B020CDE9B000E1B0EB /* Extensions.swift in Sources */ = {isa = PBXBuildFile; fileRef = B69F54AF20CDE9B000E1B0EB /* Extensions.swift */; };
		B6C94DAD259B9B8E00077B80 /* ChatViewController.swift in Sources */ = {isa = PBXBuildFile; fileRef = B6C94DAC259B9B8E00077B80 /* ChatViewController.swift */; };
		B6E5B08522D0D5EF009D3BE0 /* RatingViewController.swift in Sources */ = {isa = PBXBuildFile; fileRef = B6E5B08422D0D5EF009D3BE0 /* RatingViewController.swift */; };
		B6FC081922C23E4800A232AD /* EmptyOrderTableViewCell.swift in Sources */ = {isa = PBXBuildFile; fileRef = B6FC081822C23E4800A232AD /* EmptyOrderTableViewCell.swift */; };
		C5CFD74962D1ED8F536D12D7 /* Pods_HomeKhaanaTests.framework in Frameworks */ = {isa = PBXBuildFile; fileRef = 2C730D69BC6FF463EFE57DE6 /* Pods_HomeKhaanaTests.framework */; };
/* End PBXBuildFile section */

/* Begin PBXContainerItemProxy section */
		B64AB0CD20BCC70A003B966C /* PBXContainerItemProxy */ = {
			isa = PBXContainerItemProxy;
			containerPortal = B64AB0B020BCC706003B966C /* Project object */;
			proxyType = 1;
			remoteGlobalIDString = B64AB0B720BCC706003B966C;
			remoteInfo = HomeKhaana;
		};
		B64AB0D820BCC70A003B966C /* PBXContainerItemProxy */ = {
			isa = PBXContainerItemProxy;
			containerPortal = B64AB0B020BCC706003B966C /* Project object */;
			proxyType = 1;
			remoteGlobalIDString = B64AB0B720BCC706003B966C;
			remoteInfo = HomeKhaana;
		};
/* End PBXContainerItemProxy section */

/* Begin PBXFileReference section */
		0A9FDA8A1D9682BFD0DEE38B /* Pods-HomeKhaanaTests.release.xcconfig */ = {isa = PBXFileReference; includeInIndex = 1; lastKnownFileType = text.xcconfig; name = "Pods-HomeKhaanaTests.release.xcconfig"; path = "Pods/Target Support Files/Pods-HomeKhaanaTests/Pods-HomeKhaanaTests.release.xcconfig"; sourceTree = "<group>"; };
		23CA5AB441ED892E10D89321 /* Pods-HomeKhaana.release.xcconfig */ = {isa = PBXFileReference; includeInIndex = 1; lastKnownFileType = text.xcconfig; name = "Pods-HomeKhaana.release.xcconfig"; path = "Pods/Target Support Files/Pods-HomeKhaana/Pods-HomeKhaana.release.xcconfig"; sourceTree = "<group>"; };
		2BA8DA47897D81FE04B0BDD2 /* Pods_HomeKhaanaUITests.framework */ = {isa = PBXFileReference; explicitFileType = wrapper.framework; includeInIndex = 0; path = Pods_HomeKhaanaUITests.framework; sourceTree = BUILT_PRODUCTS_DIR; };
		2C730D69BC6FF463EFE57DE6 /* Pods_HomeKhaanaTests.framework */ = {isa = PBXFileReference; explicitFileType = wrapper.framework; includeInIndex = 0; path = Pods_HomeKhaanaTests.framework; sourceTree = BUILT_PRODUCTS_DIR; };
		6FA69C73945FC51EE35E2EC6 /* Pods-HomeKhaana.debug.xcconfig */ = {isa = PBXFileReference; includeInIndex = 1; lastKnownFileType = text.xcconfig; name = "Pods-HomeKhaana.debug.xcconfig"; path = "Pods/Target Support Files/Pods-HomeKhaana/Pods-HomeKhaana.debug.xcconfig"; sourceTree = "<group>"; };
		84A39DE719CD6BEE884ADC37 /* Pods-HomeKhaanaTests.debug.xcconfig */ = {isa = PBXFileReference; includeInIndex = 1; lastKnownFileType = text.xcconfig; name = "Pods-HomeKhaanaTests.debug.xcconfig"; path = "Pods/Target Support Files/Pods-HomeKhaanaTests/Pods-HomeKhaanaTests.debug.xcconfig"; sourceTree = "<group>"; };
		B609915F22CE59A700A3543A /* KitchenHeaderTableViewCell.swift */ = {isa = PBXFileReference; lastKnownFileType = sourcecode.swift; path = KitchenHeaderTableViewCell.swift; sourceTree = "<group>"; };
		B609AC3E2120C8C000C45C49 /* Order.swift */ = {isa = PBXFileReference; lastKnownFileType = sourcecode.swift; path = Order.swift; sourceTree = "<group>"; };
		B609AC402128A4F500C45C49 /* OrderConfirmationViewController.swift */ = {isa = PBXFileReference; lastKnownFileType = sourcecode.swift; path = OrderConfirmationViewController.swift; sourceTree = "<group>"; };
		B60D729C259CFB7600FD5B9B /* EditSectionTableViewController.swift */ = {isa = PBXFileReference; lastKnownFileType = sourcecode.swift; path = EditSectionTableViewController.swift; sourceTree = "<group>"; };
		B610D6AD223DA23300E94E27 /* LocationSearchTable.swift */ = {isa = PBXFileReference; lastKnownFileType = sourcecode.swift; path = LocationSearchTable.swift; sourceTree = "<group>"; };
		B610D6AF223DB0B700E94E27 /* LocationViewController.swift */ = {isa = PBXFileReference; lastKnownFileType = sourcecode.swift; path = LocationViewController.swift; sourceTree = "<group>"; };
		B61558C820D6D7B400471718 /* NotificationsViewController.swift */ = {isa = PBXFileReference; lastKnownFileType = sourcecode.swift; path = NotificationsViewController.swift; sourceTree = "<group>"; };
		B61558CE20D6D93D00471718 /* HowItWorksViewController.swift */ = {isa = PBXFileReference; lastKnownFileType = sourcecode.swift; path = HowItWorksViewController.swift; sourceTree = "<group>"; };
		B61558D020D7476700471718 /* User.swift */ = {isa = PBXFileReference; lastKnownFileType = sourcecode.swift; path = User.swift; sourceTree = "<group>"; };
		B61558D220D8611F00471718 /* UserPreferencesViewController.swift */ = {isa = PBXFileReference; lastKnownFileType = sourcecode.swift; path = UserPreferencesViewController.swift; sourceTree = "<group>"; };
		B61558D420D8641F00471718 /* CustomUIButton.swift */ = {isa = PBXFileReference; lastKnownFileType = sourcecode.swift; path = CustomUIButton.swift; sourceTree = "<group>"; };
		B61558D620DCA74B00471718 /* Todo.rtf */ = {isa = PBXFileReference; lastKnownFileType = text.rtf; path = Todo.rtf; sourceTree = "<group>"; };
		B61558DA20DF0B6700471718 /* Choice.swift */ = {isa = PBXFileReference; lastKnownFileType = sourcecode.swift; path = Choice.swift; sourceTree = "<group>"; };
		B61558DC20DF0D4100471718 /* DataManager.swift */ = {isa = PBXFileReference; lastKnownFileType = sourcecode.swift; path = DataManager.swift; sourceTree = "<group>"; };
		B61B78F121177BED000EDE80 /* UserInitializationErrorViewController.swift */ = {isa = PBXFileReference; lastKnownFileType = sourcecode.swift; path = UserInitializationErrorViewController.swift; sourceTree = "<group>"; };
		B61F20C621B3467000A85EDF /* InventoryTableViewController.swift */ = {isa = PBXFileReference; lastKnownFileType = sourcecode.swift; path = InventoryTableViewController.swift; sourceTree = "<group>"; };
		B61F20C921B357D900A85EDF /* KitchenDetailsViewController.swift */ = {isa = PBXFileReference; lastKnownFileType = sourcecode.swift; path = KitchenDetailsViewController.swift; sourceTree = "<group>"; };
		B61F20CB21B8D23400A85EDF /* CurrentOrdersTableViewCell.swift */ = {isa = PBXFileReference; fileEncoding = 4; lastKnownFileType = sourcecode.swift; path = CurrentOrdersTableViewCell.swift; sourceTree = "<group>"; };
		B621EC9121BDE08D00869BD8 /* KitchenProfileViewController.swift */ = {isa = PBXFileReference; lastKnownFileType = sourcecode.swift; path = KitchenProfileViewController.swift; sourceTree = "<group>"; };
		B621EC9321BE1E2F00869BD8 /* InventoryAddItemViewController.swift */ = {isa = PBXFileReference; lastKnownFileType = sourcecode.swift; path = InventoryAddItemViewController.swift; sourceTree = "<group>"; };
		B6241BFC22431B0200199845 /* LocationServicesViewController.swift */ = {isa = PBXFileReference; lastKnownFileType = sourcecode.swift; path = LocationServicesViewController.swift; sourceTree = "<group>"; };
		B6241BFE2249A8C500199845 /* RatingControl.swift */ = {isa = PBXFileReference; lastKnownFileType = sourcecode.swift; path = RatingControl.swift; sourceTree = "<group>"; };
		B6287B4320E873C1009FF79D /* ChoiceDetailViewController.swift */ = {isa = PBXFileReference; lastKnownFileType = sourcecode.swift; path = ChoiceDetailViewController.swift; sourceTree = "<group>"; };
		B62F26EF213B536100FA88D3 /* CurrentOrdersTableViewController.swift */ = {isa = PBXFileReference; lastKnownFileType = sourcecode.swift; path = CurrentOrdersTableViewController.swift; sourceTree = "<group>"; };
		B62F26F3213CA20200FA88D3 /* LoadingScreenViewController.swift */ = {isa = PBXFileReference; lastKnownFileType = sourcecode.swift; path = LoadingScreenViewController.swift; sourceTree = "<group>"; };
		B62F26F5213CA83000FA88D3 /* LoaderController.swift */ = {isa = PBXFileReference; lastKnownFileType = sourcecode.swift; path = LoaderController.swift; sourceTree = "<group>"; };
		B64393A120DFC7D800058C82 /* ChoiceTableViewCell.swift */ = {isa = PBXFileReference; lastKnownFileType = sourcecode.swift; path = ChoiceTableViewCell.swift; sourceTree = "<group>"; };
		B646F95D24CF71AF00338198 /* SpecialKitchenTableViewCell.swift */ = {isa = PBXFileReference; lastKnownFileType = sourcecode.swift; path = SpecialKitchenTableViewCell.swift; sourceTree = "<group>"; };
		B646F95F24CF75B900338198 /* SpecialKitchenCollectionViewCell.swift */ = {isa = PBXFileReference; lastKnownFileType = sourcecode.swift; path = SpecialKitchenCollectionViewCell.swift; sourceTree = "<group>"; };
		B64AB0B820BCC706003B966C /* HomeKhaana.app */ = {isa = PBXFileReference; explicitFileType = wrapper.application; includeInIndex = 0; path = HomeKhaana.app; sourceTree = BUILT_PRODUCTS_DIR; };
		B64AB0BB20BCC707003B966C /* AppDelegate.swift */ = {isa = PBXFileReference; lastKnownFileType = sourcecode.swift; path = AppDelegate.swift; sourceTree = "<group>"; };
		B64AB0C020BCC707003B966C /* Base */ = {isa = PBXFileReference; lastKnownFileType = file.storyboard; name = Base; path = Base.lproj/Main.storyboard; sourceTree = "<group>"; };
		B64AB0C220BCC70A003B966C /* Assets.xcassets */ = {isa = PBXFileReference; lastKnownFileType = folder.assetcatalog; path = Assets.xcassets; sourceTree = "<group>"; };
		B64AB0C520BCC70A003B966C /* Base */ = {isa = PBXFileReference; lastKnownFileType = file.storyboard; name = Base; path = Base.lproj/LaunchScreen.storyboard; sourceTree = "<group>"; };
		B64AB0C720BCC70A003B966C /* Info.plist */ = {isa = PBXFileReference; lastKnownFileType = text.plist.xml; path = Info.plist; sourceTree = "<group>"; };
		B64AB0CC20BCC70A003B966C /* HomeKhaanaTests.xctest */ = {isa = PBXFileReference; explicitFileType = wrapper.cfbundle; includeInIndex = 0; path = HomeKhaanaTests.xctest; sourceTree = BUILT_PRODUCTS_DIR; };
		B64AB0D020BCC70A003B966C /* HomeKhaanaTests.swift */ = {isa = PBXFileReference; lastKnownFileType = sourcecode.swift; path = HomeKhaanaTests.swift; sourceTree = "<group>"; };
		B64AB0D220BCC70A003B966C /* Info.plist */ = {isa = PBXFileReference; lastKnownFileType = text.plist.xml; path = Info.plist; sourceTree = "<group>"; };
		B64AB0D720BCC70A003B966C /* HomeKhaanaUITests.xctest */ = {isa = PBXFileReference; explicitFileType = wrapper.cfbundle; includeInIndex = 0; path = HomeKhaanaUITests.xctest; sourceTree = BUILT_PRODUCTS_DIR; };
		B64AB0DB20BCC70A003B966C /* HomeKhaanaUITests.swift */ = {isa = PBXFileReference; lastKnownFileType = sourcecode.swift; path = HomeKhaanaUITests.swift; sourceTree = "<group>"; };
		B64AB0DD20BCC70A003B966C /* Info.plist */ = {isa = PBXFileReference; lastKnownFileType = text.plist.xml; path = Info.plist; sourceTree = "<group>"; };
		B64DD9D022DCD0FF00AB6AF3 /* HomeKhaana.entitlements */ = {isa = PBXFileReference; lastKnownFileType = text.plist.entitlements; path = HomeKhaana.entitlements; sourceTree = "<group>"; };
		B6552C6524B28B3C00993521 /* GoogleService-Info.plist */ = {isa = PBXFileReference; fileEncoding = 4; lastKnownFileType = text.plist.xml; path = "GoogleService-Info.plist"; sourceTree = "<group>"; };
		B655FFBE219BA975008691D2 /* KitchensTableViewController.swift */ = {isa = PBXFileReference; lastKnownFileType = sourcecode.swift; path = KitchensTableViewController.swift; sourceTree = "<group>"; };
		B655FFC0219BA98F008691D2 /* Kitchen.swift */ = {isa = PBXFileReference; lastKnownFileType = sourcecode.swift; path = Kitchen.swift; sourceTree = "<group>"; };
		B655FFC2219BA9A4008691D2 /* KitchenTableViewCell.swift */ = {isa = PBXFileReference; lastKnownFileType = sourcecode.swift; path = KitchenTableViewCell.swift; sourceTree = "<group>"; };
		B655FFC4219D1046008691D2 /* ChoiceGroup.swift */ = {isa = PBXFileReference; lastKnownFileType = sourcecode.swift; path = ChoiceGroup.swift; sourceTree = "<group>"; };
		B655FFC621A0D302008691D2 /* Cart.swift */ = {isa = PBXFileReference; lastKnownFileType = sourcecode.swift; path = Cart.swift; sourceTree = "<group>"; };
		B66BA41D24BB742300190CEA /* UserDataManager.swift */ = {isa = PBXFileReference; lastKnownFileType = sourcecode.swift; path = UserDataManager.swift; sourceTree = "<group>"; };
		B66BA41F24BB743400190CEA /* KitchenDataManager.swift */ = {isa = PBXFileReference; lastKnownFileType = sourcecode.swift; path = KitchenDataManager.swift; sourceTree = "<group>"; };
		B66BA42124BB8DF100190CEA /* RatingHandler.swift */ = {isa = PBXFileReference; lastKnownFileType = sourcecode.swift; path = RatingHandler.swift; sourceTree = "<group>"; };
		B6728AF124DF4C7C00A99DCD /* FeaturedChoiceCollectionViewCell.swift */ = {isa = PBXFileReference; lastKnownFileType = sourcecode.swift; path = FeaturedChoiceCollectionViewCell.swift; sourceTree = "<group>"; };
		B6728AF724DF4D3700A99DCD /* FeatureChoicesTableViewCell.swift */ = {isa = PBXFileReference; lastKnownFileType = sourcecode.swift; path = FeatureChoicesTableViewCell.swift; sourceTree = "<group>"; };
		B6728AF924DF4F6700A99DCD /* KitchenViewController.swift */ = {isa = PBXFileReference; lastKnownFileType = sourcecode.swift; path = KitchenViewController.swift; sourceTree = "<group>"; };
		B691C78720E9AA440060CF98 /* CartViewController.swift */ = {isa = PBXFileReference; lastKnownFileType = sourcecode.swift; path = CartViewController.swift; sourceTree = "<group>"; };
		B691C78920E9B09C0060CF98 /* HomeTabBarController.swift */ = {isa = PBXFileReference; lastKnownFileType = sourcecode.swift; path = HomeTabBarController.swift; sourceTree = "<group>"; };
		B691C78B20E9B8D30060CF98 /* CartTableViewCell.swift */ = {isa = PBXFileReference; lastKnownFileType = sourcecode.swift; path = CartTableViewCell.swift; sourceTree = "<group>"; };
		B691C78D20EB3B480060CF98 /* Shared.swift */ = {isa = PBXFileReference; lastKnownFileType = sourcecode.swift; path = Shared.swift; sourceTree = "<group>"; };
		B691C79120FBF97E0060CF98 /* PaymentSource.swift */ = {isa = PBXFileReference; lastKnownFileType = sourcecode.swift; path = PaymentSource.swift; sourceTree = "<group>"; };
		B691C79320FD82050060CF98 /* PaymentSourceTableViewCell.swift */ = {isa = PBXFileReference; lastKnownFileType = sourcecode.swift; path = PaymentSourceTableViewCell.swift; sourceTree = "<group>"; };
		B691C79520FD823D0060CF98 /* AddPaymentTableViewCell.swift */ = {isa = PBXFileReference; lastKnownFileType = sourcecode.swift; path = AddPaymentTableViewCell.swift; sourceTree = "<group>"; };
		B691C79720FD834C0060CF98 /* PaymentSourceTableViewController.swift */ = {isa = PBXFileReference; lastKnownFileType = sourcecode.swift; path = PaymentSourceTableViewController.swift; sourceTree = "<group>"; };
		B69CE07F2129F91B00B7CFDB /* OrdersTableViewController.swift */ = {isa = PBXFileReference; lastKnownFileType = sourcecode.swift; path = OrdersTableViewController.swift; sourceTree = "<group>"; };
		B69CE0812129F93200B7CFDB /* OrdersTableViewCell.swift */ = {isa = PBXFileReference; lastKnownFileType = sourcecode.swift; path = OrdersTableViewCell.swift; sourceTree = "<group>"; };
		B69F54AB20CDD67900E1B0EB /* SignUpViewController.swift */ = {isa = PBXFileReference; lastKnownFileType = sourcecode.swift; path = SignUpViewController.swift; sourceTree = "<group>"; };
		B69F54AD20CDDBCF00E1B0EB /* UserProfileViewController.swift */ = {isa = PBXFileReference; lastKnownFileType = sourcecode.swift; path = UserProfileViewController.swift; sourceTree = "<group>"; };
		B69F54AF20CDE9B000E1B0EB /* Extensions.swift */ = {isa = PBXFileReference; lastKnownFileType = sourcecode.swift; path = Extensions.swift; sourceTree = "<group>"; };
		B6C94DAC259B9B8E00077B80 /* ChatViewController.swift */ = {isa = PBXFileReference; lastKnownFileType = sourcecode.swift; path = ChatViewController.swift; sourceTree = "<group>"; };
		B6C94DB1259B9E1D00077B80 /* Bridging-Header.h */ = {isa = PBXFileReference; lastKnownFileType = sourcecode.c.h; path = "Bridging-Header.h"; sourceTree = "<group>"; };
		B6E5B08422D0D5EF009D3BE0 /* RatingViewController.swift */ = {isa = PBXFileReference; lastKnownFileType = sourcecode.swift; path = RatingViewController.swift; sourceTree = "<group>"; };
		B6FC081822C23E4800A232AD /* EmptyOrderTableViewCell.swift */ = {isa = PBXFileReference; lastKnownFileType = sourcecode.swift; path = EmptyOrderTableViewCell.swift; sourceTree = "<group>"; };
		EB5E66F4207D926BF78EC654 /* Pods_HomeKhaana.framework */ = {isa = PBXFileReference; explicitFileType = wrapper.framework; includeInIndex = 0; path = Pods_HomeKhaana.framework; sourceTree = BUILT_PRODUCTS_DIR; };
		F10594AE12CC2B163B62D882 /* Pods-HomeKhaanaUITests.debug.xcconfig */ = {isa = PBXFileReference; includeInIndex = 1; lastKnownFileType = text.xcconfig; name = "Pods-HomeKhaanaUITests.debug.xcconfig"; path = "Pods/Target Support Files/Pods-HomeKhaanaUITests/Pods-HomeKhaanaUITests.debug.xcconfig"; sourceTree = "<group>"; };
		FEEECB2E7BC68617413EFEF6 /* Pods-HomeKhaanaUITests.release.xcconfig */ = {isa = PBXFileReference; includeInIndex = 1; lastKnownFileType = text.xcconfig; name = "Pods-HomeKhaanaUITests.release.xcconfig"; path = "Pods/Target Support Files/Pods-HomeKhaanaUITests/Pods-HomeKhaanaUITests.release.xcconfig"; sourceTree = "<group>"; };
/* End PBXFileReference section */

/* Begin PBXFrameworksBuildPhase section */
		B64AB0B520BCC706003B966C /* Frameworks */ = {
			isa = PBXFrameworksBuildPhase;
			buildActionMask = 2147483647;
			files = (
				256B8F57350EEED71B9D245C /* Pods_HomeKhaana.framework in Frameworks */,
			);
			runOnlyForDeploymentPostprocessing = 0;
		};
		B64AB0C920BCC70A003B966C /* Frameworks */ = {
			isa = PBXFrameworksBuildPhase;
			buildActionMask = 2147483647;
			files = (
				C5CFD74962D1ED8F536D12D7 /* Pods_HomeKhaanaTests.framework in Frameworks */,
			);
			runOnlyForDeploymentPostprocessing = 0;
		};
		B64AB0D420BCC70A003B966C /* Frameworks */ = {
			isa = PBXFrameworksBuildPhase;
			buildActionMask = 2147483647;
			files = (
				8D0D487326518BBB9AF5546E /* Pods_HomeKhaanaUITests.framework in Frameworks */,
			);
			runOnlyForDeploymentPostprocessing = 0;
		};
/* End PBXFrameworksBuildPhase section */

/* Begin PBXGroup section */
		132C0201A74128497937FD0F /* Pods */ = {
			isa = PBXGroup;
			children = (
				6FA69C73945FC51EE35E2EC6 /* Pods-HomeKhaana.debug.xcconfig */,
				23CA5AB441ED892E10D89321 /* Pods-HomeKhaana.release.xcconfig */,
				84A39DE719CD6BEE884ADC37 /* Pods-HomeKhaanaTests.debug.xcconfig */,
				0A9FDA8A1D9682BFD0DEE38B /* Pods-HomeKhaanaTests.release.xcconfig */,
				F10594AE12CC2B163B62D882 /* Pods-HomeKhaanaUITests.debug.xcconfig */,
				FEEECB2E7BC68617413EFEF6 /* Pods-HomeKhaanaUITests.release.xcconfig */,
			);
			name = Pods;
			sourceTree = "<group>";
		};
		2BB00ED32368DD5668125693 /* Frameworks */ = {
			isa = PBXGroup;
			children = (
				EB5E66F4207D926BF78EC654 /* Pods_HomeKhaana.framework */,
				2C730D69BC6FF463EFE57DE6 /* Pods_HomeKhaanaTests.framework */,
				2BA8DA47897D81FE04B0BDD2 /* Pods_HomeKhaanaUITests.framework */,
			);
			name = Frameworks;
			sourceTree = "<group>";
		};
		B61F20C421B322A200A85EDF /* Kitchen Screens */ = {
			isa = PBXGroup;
			children = (
				B621EC9021BDE07B00869BD8 /* Kitchen Profile */,
				B61F20C821B3579200A85EDF /* Login */,
				B61F20C521B3464A00A85EDF /* Inventory */,
				B6B28ABF2187DF1B00818967 /* Current Orders */,
			);
			path = "Kitchen Screens";
			sourceTree = "<group>";
		};
		B61F20C521B3464A00A85EDF /* Inventory */ = {
			isa = PBXGroup;
			children = (
				B61F20C621B3467000A85EDF /* InventoryTableViewController.swift */,
				B621EC9321BE1E2F00869BD8 /* InventoryAddItemViewController.swift */,
				B60D729C259CFB7600FD5B9B /* EditSectionTableViewController.swift */,
			);
			path = Inventory;
			sourceTree = "<group>";
		};
		B61F20C821B3579200A85EDF /* Login */ = {
			isa = PBXGroup;
			children = (
				B61F20C921B357D900A85EDF /* KitchenDetailsViewController.swift */,
				B610D6AD223DA23300E94E27 /* LocationSearchTable.swift */,
				B610D6AF223DB0B700E94E27 /* LocationViewController.swift */,
			);
			path = Login;
			sourceTree = "<group>";
		};
		B621EC9021BDE07B00869BD8 /* Kitchen Profile */ = {
			isa = PBXGroup;
			children = (
				B621EC9121BDE08D00869BD8 /* KitchenProfileViewController.swift */,
			);
			path = "Kitchen Profile";
			sourceTree = "<group>";
		};
		B64AB0AF20BCC706003B966C = {
			isa = PBXGroup;
			children = (
				B6C94DB1259B9E1D00077B80 /* Bridging-Header.h */,
				B64AB0BA20BCC706003B966C /* HomeKhaana */,
				B64AB0CF20BCC70A003B966C /* HomeKhaanaTests */,
				B64AB0DA20BCC70A003B966C /* HomeKhaanaUITests */,
				B64AB0B920BCC706003B966C /* Products */,
				132C0201A74128497937FD0F /* Pods */,
				2BB00ED32368DD5668125693 /* Frameworks */,
			);
			sourceTree = "<group>";
		};
		B64AB0B920BCC706003B966C /* Products */ = {
			isa = PBXGroup;
			children = (
				B64AB0B820BCC706003B966C /* HomeKhaana.app */,
				B64AB0CC20BCC70A003B966C /* HomeKhaanaTests.xctest */,
				B64AB0D720BCC70A003B966C /* HomeKhaanaUITests.xctest */,
			);
			name = Products;
			sourceTree = "<group>";
		};
		B64AB0BA20BCC706003B966C /* HomeKhaana */ = {
			isa = PBXGroup;
			children = (
				B64DD9D022DCD0FF00AB6AF3 /* HomeKhaana.entitlements */,
				B64AB0C720BCC70A003B966C /* Info.plist */,
				B61558D620DCA74B00471718 /* Todo.rtf */,
				B6B28AB72187DCAE00818967 /* General */,
				B6B28AB82187DD3700818967 /* Shared */,
				B6B28ABD2187DE8400818967 /* Initialization */,
				B6B28AC22187E18C00818967 /* Primary Tabs */,
				B6B28AC32187E1CF00818967 /* Secondary Screens */,
				B61F20C421B322A200A85EDF /* Kitchen Screens */,
			);
			path = HomeKhaana;
			sourceTree = "<group>";
		};
		B64AB0CF20BCC70A003B966C /* HomeKhaanaTests */ = {
			isa = PBXGroup;
			children = (
				B64AB0D020BCC70A003B966C /* HomeKhaanaTests.swift */,
				B64AB0D220BCC70A003B966C /* Info.plist */,
			);
			path = HomeKhaanaTests;
			sourceTree = "<group>";
		};
		B64AB0DA20BCC70A003B966C /* HomeKhaanaUITests */ = {
			isa = PBXGroup;
			children = (
				B64AB0DB20BCC70A003B966C /* HomeKhaanaUITests.swift */,
				B64AB0DD20BCC70A003B966C /* Info.plist */,
			);
			path = HomeKhaanaUITests;
			sourceTree = "<group>";
		};
		B6B28AB62187DC8A00818967 /* Cart */ = {
			isa = PBXGroup;
			children = (
				B691C78B20E9B8D30060CF98 /* CartTableViewCell.swift */,
				B691C78720E9AA440060CF98 /* CartViewController.swift */,
			);
			path = Cart;
			sourceTree = "<group>";
		};
		B6B28AB72187DCAE00818967 /* General */ = {
			isa = PBXGroup;
			children = (
				B6552C6524B28B3C00993521 /* GoogleService-Info.plist */,
				B64AB0C220BCC70A003B966C /* Assets.xcassets */,
				B64AB0BB20BCC707003B966C /* AppDelegate.swift */,
				B64AB0C420BCC70A003B966C /* LaunchScreen.storyboard */,
				B64AB0BF20BCC707003B966C /* Main.storyboard */,
			);
			path = General;
			sourceTree = "<group>";
		};
		B6B28AB82187DD3700818967 /* Shared */ = {
			isa = PBXGroup;
			children = (
				B62F26F5213CA83000FA88D3 /* LoaderController.swift */,
				B61558D420D8641F00471718 /* CustomUIButton.swift */,
				B691C78D20EB3B480060CF98 /* Shared.swift */,
				B61558DC20DF0D4100471718 /* DataManager.swift */,
				B61558D020D7476700471718 /* User.swift */,
				B66BA41D24BB742300190CEA /* UserDataManager.swift */,
				B655FFC0219BA98F008691D2 /* Kitchen.swift */,
				B66BA41F24BB743400190CEA /* KitchenDataManager.swift */,
				B66BA42124BB8DF100190CEA /* RatingHandler.swift */,
				B69F54AF20CDE9B000E1B0EB /* Extensions.swift */,
				B655FFC621A0D302008691D2 /* Cart.swift */,
				B61558DA20DF0B6700471718 /* Choice.swift */,
				B655FFC4219D1046008691D2 /* ChoiceGroup.swift */,
				B64393A120DFC7D800058C82 /* ChoiceTableViewCell.swift */,
				B6241BFE2249A8C500199845 /* RatingControl.swift */,
				B6C94DAC259B9B8E00077B80 /* ChatViewController.swift */,
			);
			path = Shared;
			sourceTree = "<group>";
		};
		B6B28AB92187DD5E00818967 /* Payment Sources (Not using for now) */ = {
			isa = PBXGroup;
			children = (
				B691C79520FD823D0060CF98 /* AddPaymentTableViewCell.swift */,
				B691C79120FBF97E0060CF98 /* PaymentSource.swift */,
				B691C79320FD82050060CF98 /* PaymentSourceTableViewCell.swift */,
				B691C79720FD834C0060CF98 /* PaymentSourceTableViewController.swift */,
			);
			path = "Payment Sources (Not using for now)";
			sourceTree = "<group>";
		};
		B6B28ABA2187DDAF00818967 /* Orders */ = {
			isa = PBXGroup;
			children = (
				B609AC3E2120C8C000C45C49 /* Order.swift */,
				B69CE0812129F93200B7CFDB /* OrdersTableViewCell.swift */,
				B69CE07F2129F91B00B7CFDB /* OrdersTableViewController.swift */,
				B6FC081822C23E4800A232AD /* EmptyOrderTableViewCell.swift */,
				B6E5B08422D0D5EF009D3BE0 /* RatingViewController.swift */,
			);
			path = Orders;
			sourceTree = "<group>";
		};
		B6B28ABB2187DE6300818967 /* User Preferences */ = {
			isa = PBXGroup;
			children = (
				B61558D220D8611F00471718 /* UserPreferencesViewController.swift */,
			);
			path = "User Preferences";
			sourceTree = "<group>";
		};
		B6B28ABC2187DE7800818967 /* User Profile */ = {
			isa = PBXGroup;
			children = (
				B69F54AD20CDDBCF00E1B0EB /* UserProfileViewController.swift */,
			);
			path = "User Profile";
			sourceTree = "<group>";
		};
		B6B28ABD2187DE8400818967 /* Initialization */ = {
			isa = PBXGroup;
			children = (
				B62F26F3213CA20200FA88D3 /* LoadingScreenViewController.swift */,
				B61558CE20D6D93D00471718 /* HowItWorksViewController.swift */,
				B61558C820D6D7B400471718 /* NotificationsViewController.swift */,
				B69F54AB20CDD67900E1B0EB /* SignUpViewController.swift */,
				B61B78F121177BED000EDE80 /* UserInitializationErrorViewController.swift */,
				B6241BFC22431B0200199845 /* LocationServicesViewController.swift */,
			);
			path = Initialization;
			sourceTree = "<group>";
		};
		B6B28ABE2187DEB400818967 /* Order Confirmation */ = {
			isa = PBXGroup;
			children = (
				B609AC402128A4F500C45C49 /* OrderConfirmationViewController.swift */,
			);
			path = "Order Confirmation";
			sourceTree = "<group>";
		};
		B6B28ABF2187DF1B00818967 /* Current Orders */ = {
			isa = PBXGroup;
			children = (
				B61F20CB21B8D23400A85EDF /* CurrentOrdersTableViewCell.swift */,
				B62F26EF213B536100FA88D3 /* CurrentOrdersTableViewController.swift */,
			);
			path = "Current Orders";
			sourceTree = "<group>";
		};
		B6B28AC02187DF5800818967 /* Home */ = {
			isa = PBXGroup;
			children = (
				B691C78920E9B09C0060CF98 /* HomeTabBarController.swift */,
				B6728AF924DF4F6700A99DCD /* KitchenViewController.swift */,
				B655FFBE219BA975008691D2 /* KitchensTableViewController.swift */,
				B655FFC2219BA9A4008691D2 /* KitchenTableViewCell.swift */,
				B609915F22CE59A700A3543A /* KitchenHeaderTableViewCell.swift */,
				B646F95D24CF71AF00338198 /* SpecialKitchenTableViewCell.swift */,
				B646F95F24CF75B900338198 /* SpecialKitchenCollectionViewCell.swift */,
				B6728AF124DF4C7C00A99DCD /* FeaturedChoiceCollectionViewCell.swift */,
				B6728AF724DF4D3700A99DCD /* FeatureChoicesTableViewCell.swift */,
			);
			path = Home;
			sourceTree = "<group>";
		};
		B6B28AC12187DFE400818967 /* Choice Detail */ = {
			isa = PBXGroup;
			children = (
				B6287B4320E873C1009FF79D /* ChoiceDetailViewController.swift */,
			);
			path = "Choice Detail";
			sourceTree = "<group>";
		};
		B6B28AC22187E18C00818967 /* Primary Tabs */ = {
			isa = PBXGroup;
			children = (
				B6B28AC02187DF5800818967 /* Home */,
				B6B28AB62187DC8A00818967 /* Cart */,
				B6B28ABA2187DDAF00818967 /* Orders */,
				B6B28ABC2187DE7800818967 /* User Profile */,
			);
			path = "Primary Tabs";
			sourceTree = "<group>";
		};
		B6B28AC32187E1CF00818967 /* Secondary Screens */ = {
			isa = PBXGroup;
			children = (
				B6B28AC12187DFE400818967 /* Choice Detail */,
				B6B28ABE2187DEB400818967 /* Order Confirmation */,
				B6B28AB92187DD5E00818967 /* Payment Sources (Not using for now) */,
				B6B28ABB2187DE6300818967 /* User Preferences */,
			);
			path = "Secondary Screens";
			sourceTree = "<group>";
		};
/* End PBXGroup section */

/* Begin PBXNativeTarget section */
		B64AB0B720BCC706003B966C /* HomeKhaana */ = {
			isa = PBXNativeTarget;
			buildConfigurationList = B64AB0E020BCC70A003B966C /* Build configuration list for PBXNativeTarget "HomeKhaana" */;
			buildPhases = (
				9B4012CCFD148D7DD3346A26 /* [CP] Check Pods Manifest.lock */,
				B64AB0B420BCC706003B966C /* Sources */,
				B64AB0B520BCC706003B966C /* Frameworks */,
				B64AB0B620BCC706003B966C /* Resources */,
				E89814EF526ECD4FAC80CF2D /* [CP] Embed Pods Frameworks */,
				07B528BE12679F43611F9D35 /* [CP] Copy Pods Resources */,
			);
			buildRules = (
			);
			dependencies = (
			);
			name = HomeKhaana;
			productName = HomeKhaana;
			productReference = B64AB0B820BCC706003B966C /* HomeKhaana.app */;
			productType = "com.apple.product-type.application";
		};
		B64AB0CB20BCC70A003B966C /* HomeKhaanaTests */ = {
			isa = PBXNativeTarget;
			buildConfigurationList = B64AB0E320BCC70A003B966C /* Build configuration list for PBXNativeTarget "HomeKhaanaTests" */;
			buildPhases = (
				27C491568AFCBA54B9C37F2F /* [CP] Check Pods Manifest.lock */,
				B64AB0C820BCC70A003B966C /* Sources */,
				B64AB0C920BCC70A003B966C /* Frameworks */,
				B64AB0CA20BCC70A003B966C /* Resources */,
			);
			buildRules = (
			);
			dependencies = (
				B64AB0CE20BCC70A003B966C /* PBXTargetDependency */,
			);
			name = HomeKhaanaTests;
			productName = HomeKhaanaTests;
			productReference = B64AB0CC20BCC70A003B966C /* HomeKhaanaTests.xctest */;
			productType = "com.apple.product-type.bundle.unit-test";
		};
		B64AB0D620BCC70A003B966C /* HomeKhaanaUITests */ = {
			isa = PBXNativeTarget;
			buildConfigurationList = B64AB0E620BCC70A003B966C /* Build configuration list for PBXNativeTarget "HomeKhaanaUITests" */;
			buildPhases = (
				3EC92A2F693437A56E242BB8 /* [CP] Check Pods Manifest.lock */,
				B64AB0D320BCC70A003B966C /* Sources */,
				B64AB0D420BCC70A003B966C /* Frameworks */,
				B64AB0D520BCC70A003B966C /* Resources */,
			);
			buildRules = (
			);
			dependencies = (
				B64AB0D920BCC70A003B966C /* PBXTargetDependency */,
			);
			name = HomeKhaanaUITests;
			productName = HomeKhaanaUITests;
			productReference = B64AB0D720BCC70A003B966C /* HomeKhaanaUITests.xctest */;
			productType = "com.apple.product-type.bundle.ui-testing";
		};
/* End PBXNativeTarget section */

/* Begin PBXProject section */
		B64AB0B020BCC706003B966C /* Project object */ = {
			isa = PBXProject;
			attributes = {
				LastSwiftUpdateCheck = 0930;
				LastUpgradeCheck = 1230;
				ORGANIZATIONNAME = "Achyuthan Vasanth";
				TargetAttributes = {
					B64AB0B720BCC706003B966C = {
						CreatedOnToolsVersion = 9.3.1;
						SystemCapabilities = {
							com.apple.BackgroundModes = {
								enabled = 1;
							};
							com.apple.Push = {
								enabled = 1;
							};
						};
					};
					B64AB0CB20BCC70A003B966C = {
						CreatedOnToolsVersion = 9.3.1;
						TestTargetID = B64AB0B720BCC706003B966C;
					};
					B64AB0D620BCC70A003B966C = {
						CreatedOnToolsVersion = 9.3.1;
						TestTargetID = B64AB0B720BCC706003B966C;
					};
				};
			};
			buildConfigurationList = B64AB0B320BCC706003B966C /* Build configuration list for PBXProject "HomeKhaana" */;
			compatibilityVersion = "Xcode 9.3";
			developmentRegion = en;
			hasScannedForEncodings = 0;
			knownRegions = (
				en,
				Base,
			);
			mainGroup = B64AB0AF20BCC706003B966C;
			productRefGroup = B64AB0B920BCC706003B966C /* Products */;
			projectDirPath = "";
			projectRoot = "";
			targets = (
				B64AB0B720BCC706003B966C /* HomeKhaana */,
				B64AB0CB20BCC70A003B966C /* HomeKhaanaTests */,
				B64AB0D620BCC70A003B966C /* HomeKhaanaUITests */,
			);
		};
/* End PBXProject section */

/* Begin PBXResourcesBuildPhase section */
		B64AB0B620BCC706003B966C /* Resources */ = {
			isa = PBXResourcesBuildPhase;
			buildActionMask = 2147483647;
			files = (
				B61558D720DCA74B00471718 /* Todo.rtf in Resources */,
				B64AB0C620BCC70A003B966C /* LaunchScreen.storyboard in Resources */,
				B6552C6624B28B3C00993521 /* GoogleService-Info.plist in Resources */,
				B64AB0C320BCC70A003B966C /* Assets.xcassets in Resources */,
				B64AB0C120BCC707003B966C /* Main.storyboard in Resources */,
			);
			runOnlyForDeploymentPostprocessing = 0;
		};
		B64AB0CA20BCC70A003B966C /* Resources */ = {
			isa = PBXResourcesBuildPhase;
			buildActionMask = 2147483647;
			files = (
			);
			runOnlyForDeploymentPostprocessing = 0;
		};
		B64AB0D520BCC70A003B966C /* Resources */ = {
			isa = PBXResourcesBuildPhase;
			buildActionMask = 2147483647;
			files = (
			);
			runOnlyForDeploymentPostprocessing = 0;
		};
/* End PBXResourcesBuildPhase section */

/* Begin PBXShellScriptBuildPhase section */
		07B528BE12679F43611F9D35 /* [CP] Copy Pods Resources */ = {
			isa = PBXShellScriptBuildPhase;
			buildActionMask = 2147483647;
			files = (
			);
			inputFileListPaths = (
				"${PODS_ROOT}/Target Support Files/Pods-HomeKhaana/Pods-HomeKhaana-resources-${CONFIGURATION}-input-files.xcfilelist",
			);
			name = "[CP] Copy Pods Resources";
			outputFileListPaths = (
				"${PODS_ROOT}/Target Support Files/Pods-HomeKhaana/Pods-HomeKhaana-resources-${CONFIGURATION}-output-files.xcfilelist",
			);
			runOnlyForDeploymentPostprocessing = 0;
			shellPath = /bin/sh;
			shellScript = "\"${PODS_ROOT}/Target Support Files/Pods-HomeKhaana/Pods-HomeKhaana-resources.sh\"\n";
			showEnvVarsInLog = 0;
		};
		27C491568AFCBA54B9C37F2F /* [CP] Check Pods Manifest.lock */ = {
			isa = PBXShellScriptBuildPhase;
			buildActionMask = 2147483647;
			files = (
			);
			inputPaths = (
				"${PODS_PODFILE_DIR_PATH}/Podfile.lock",
				"${PODS_ROOT}/Manifest.lock",
			);
			name = "[CP] Check Pods Manifest.lock";
			outputPaths = (
				"$(DERIVED_FILE_DIR)/Pods-HomeKhaanaTests-checkManifestLockResult.txt",
			);
			runOnlyForDeploymentPostprocessing = 0;
			shellPath = /bin/sh;
			shellScript = "diff \"${PODS_PODFILE_DIR_PATH}/Podfile.lock\" \"${PODS_ROOT}/Manifest.lock\" > /dev/null\nif [ $? != 0 ] ; then\n    # print error to STDERR\n    echo \"error: The sandbox is not in sync with the Podfile.lock. Run 'pod install' or update your CocoaPods installation.\" >&2\n    exit 1\nfi\n# This output is used by Xcode 'outputs' to avoid re-running this script phase.\necho \"SUCCESS\" > \"${SCRIPT_OUTPUT_FILE_0}\"\n";
			showEnvVarsInLog = 0;
		};
		3EC92A2F693437A56E242BB8 /* [CP] Check Pods Manifest.lock */ = {
			isa = PBXShellScriptBuildPhase;
			buildActionMask = 2147483647;
			files = (
			);
			inputPaths = (
				"${PODS_PODFILE_DIR_PATH}/Podfile.lock",
				"${PODS_ROOT}/Manifest.lock",
			);
			name = "[CP] Check Pods Manifest.lock";
			outputPaths = (
				"$(DERIVED_FILE_DIR)/Pods-HomeKhaanaUITests-checkManifestLockResult.txt",
			);
			runOnlyForDeploymentPostprocessing = 0;
			shellPath = /bin/sh;
			shellScript = "diff \"${PODS_PODFILE_DIR_PATH}/Podfile.lock\" \"${PODS_ROOT}/Manifest.lock\" > /dev/null\nif [ $? != 0 ] ; then\n    # print error to STDERR\n    echo \"error: The sandbox is not in sync with the Podfile.lock. Run 'pod install' or update your CocoaPods installation.\" >&2\n    exit 1\nfi\n# This output is used by Xcode 'outputs' to avoid re-running this script phase.\necho \"SUCCESS\" > \"${SCRIPT_OUTPUT_FILE_0}\"\n";
			showEnvVarsInLog = 0;
		};
		9B4012CCFD148D7DD3346A26 /* [CP] Check Pods Manifest.lock */ = {
			isa = PBXShellScriptBuildPhase;
			buildActionMask = 2147483647;
			files = (
			);
			inputPaths = (
				"${PODS_PODFILE_DIR_PATH}/Podfile.lock",
				"${PODS_ROOT}/Manifest.lock",
			);
			name = "[CP] Check Pods Manifest.lock";
			outputPaths = (
				"$(DERIVED_FILE_DIR)/Pods-HomeKhaana-checkManifestLockResult.txt",
			);
			runOnlyForDeploymentPostprocessing = 0;
			shellPath = /bin/sh;
			shellScript = "diff \"${PODS_PODFILE_DIR_PATH}/Podfile.lock\" \"${PODS_ROOT}/Manifest.lock\" > /dev/null\nif [ $? != 0 ] ; then\n    # print error to STDERR\n    echo \"error: The sandbox is not in sync with the Podfile.lock. Run 'pod install' or update your CocoaPods installation.\" >&2\n    exit 1\nfi\n# This output is used by Xcode 'outputs' to avoid re-running this script phase.\necho \"SUCCESS\" > \"${SCRIPT_OUTPUT_FILE_0}\"\n";
			showEnvVarsInLog = 0;
		};
		E89814EF526ECD4FAC80CF2D /* [CP] Embed Pods Frameworks */ = {
			isa = PBXShellScriptBuildPhase;
			buildActionMask = 2147483647;
			files = (
			);
			inputFileListPaths = (
				"${PODS_ROOT}/Target Support Files/Pods-HomeKhaana/Pods-HomeKhaana-frameworks-${CONFIGURATION}-input-files.xcfilelist",
			);
			name = "[CP] Embed Pods Frameworks";
			outputFileListPaths = (
				"${PODS_ROOT}/Target Support Files/Pods-HomeKhaana/Pods-HomeKhaana-frameworks-${CONFIGURATION}-output-files.xcfilelist",
			);
			runOnlyForDeploymentPostprocessing = 0;
			shellPath = /bin/sh;
			shellScript = "\"${PODS_ROOT}/Target Support Files/Pods-HomeKhaana/Pods-HomeKhaana-frameworks.sh\"\n";
			showEnvVarsInLog = 0;
		};
/* End PBXShellScriptBuildPhase section */

/* Begin PBXSourcesBuildPhase section */
		B64AB0B420BCC706003B966C /* Sources */ = {
			isa = PBXSourcesBuildPhase;
			buildActionMask = 2147483647;
			files = (
				B61F20CC21B8D23400A85EDF /* CurrentOrdersTableViewCell.swift in Sources */,
				B655FFC5219D1046008691D2 /* ChoiceGroup.swift in Sources */,
				B691C79420FD82050060CF98 /* PaymentSourceTableViewCell.swift in Sources */,
				B61558C920D6D7B400471718 /* NotificationsViewController.swift in Sources */,
				B609AC412128A4F500C45C49 /* OrderConfirmationViewController.swift in Sources */,
				B691C79620FD823D0060CF98 /* AddPaymentTableViewCell.swift in Sources */,
				B61558DD20DF0D4200471718 /* DataManager.swift in Sources */,
				B6FC081922C23E4800A232AD /* EmptyOrderTableViewCell.swift in Sources */,
				B62F26F4213CA20200FA88D3 /* LoadingScreenViewController.swift in Sources */,
				B69F54AC20CDD67900E1B0EB /* SignUpViewController.swift in Sources */,
				B61558DB20DF0B6700471718 /* Choice.swift in Sources */,
				B609AC3F2120C8C000C45C49 /* Order.swift in Sources */,
				B6287B4420E873C1009FF79D /* ChoiceDetailViewController.swift in Sources */,
				B6C94DAD259B9B8E00077B80 /* ChatViewController.swift in Sources */,
				B6241BFF2249A8C500199845 /* RatingControl.swift in Sources */,
				B62F26F6213CA83000FA88D3 /* LoaderController.swift in Sources */,
				B69CE0822129F93200B7CFDB /* OrdersTableViewCell.swift in Sources */,
				B655FFC3219BA9A4008691D2 /* KitchenTableViewCell.swift in Sources */,
				B61558D520D8641F00471718 /* CustomUIButton.swift in Sources */,
				B655FFC721A0D302008691D2 /* Cart.swift in Sources */,
				B66BA42024BB743400190CEA /* KitchenDataManager.swift in Sources */,
				B64AB0BC20BCC707003B966C /* AppDelegate.swift in Sources */,
				B6728AF224DF4C7C00A99DCD /* FeaturedChoiceCollectionViewCell.swift in Sources */,
				B66BA41E24BB742300190CEA /* UserDataManager.swift in Sources */,
				B609916022CE59A700A3543A /* KitchenHeaderTableViewCell.swift in Sources */,
				B691C78820E9AA440060CF98 /* CartViewController.swift in Sources */,
				B691C78E20EB3B480060CF98 /* Shared.swift in Sources */,
				B66BA42224BB8DF100190CEA /* RatingHandler.swift in Sources */,
				B62F26F0213B536100FA88D3 /* CurrentOrdersTableViewController.swift in Sources */,
				B610D6B0223DB0B700E94E27 /* LocationViewController.swift in Sources */,
				B6728AF824DF4D3700A99DCD /* FeatureChoicesTableViewCell.swift in Sources */,
				B6E5B08522D0D5EF009D3BE0 /* RatingViewController.swift in Sources */,
				B691C78C20E9B8D30060CF98 /* CartTableViewCell.swift in Sources */,
				B61B78F221177BED000EDE80 /* UserInitializationErrorViewController.swift in Sources */,
				B61558CF20D6D93D00471718 /* HowItWorksViewController.swift in Sources */,
				B69CE0802129F91B00B7CFDB /* OrdersTableViewController.swift in Sources */,
				B64393A220DFC7D800058C82 /* ChoiceTableViewCell.swift in Sources */,
				B69F54AE20CDDBCF00E1B0EB /* UserProfileViewController.swift in Sources */,
				B621EC9421BE1E2F00869BD8 /* InventoryAddItemViewController.swift in Sources */,
				B69F54B020CDE9B000E1B0EB /* Extensions.swift in Sources */,
				B691C79820FD834C0060CF98 /* PaymentSourceTableViewController.swift in Sources */,
				B6241BFD22431B0200199845 /* LocationServicesViewController.swift in Sources */,
				B610D6AE223DA23300E94E27 /* LocationSearchTable.swift in Sources */,
				B691C79220FBF97E0060CF98 /* PaymentSource.swift in Sources */,
				B646F96024CF75B900338198 /* SpecialKitchenCollectionViewCell.swift in Sources */,
				B6728AFA24DF4F6700A99DCD /* KitchenViewController.swift in Sources */,
				B646F95E24CF71B000338198 /* SpecialKitchenTableViewCell.swift in Sources */,
				B655FFBF219BA975008691D2 /* KitchensTableViewController.swift in Sources */,
				B61558D320D8611F00471718 /* UserPreferencesViewController.swift in Sources */,
				B60D729D259CFB7600FD5B9B /* EditSectionTableViewController.swift in Sources */,
				B61F20CA21B357D900A85EDF /* KitchenDetailsViewController.swift in Sources */,
				B691C78A20E9B09C0060CF98 /* HomeTabBarController.swift in Sources */,
				B655FFC1219BA98F008691D2 /* Kitchen.swift in Sources */,
				B61F20C721B3467000A85EDF /* InventoryTableViewController.swift in Sources */,
				B621EC9221BDE08D00869BD8 /* KitchenProfileViewController.swift in Sources */,
				B61558D120D7476700471718 /* User.swift in Sources */,
			);
			runOnlyForDeploymentPostprocessing = 0;
		};
		B64AB0C820BCC70A003B966C /* Sources */ = {
			isa = PBXSourcesBuildPhase;
			buildActionMask = 2147483647;
			files = (
				B64AB0D120BCC70A003B966C /* HomeKhaanaTests.swift in Sources */,
			);
			runOnlyForDeploymentPostprocessing = 0;
		};
		B64AB0D320BCC70A003B966C /* Sources */ = {
			isa = PBXSourcesBuildPhase;
			buildActionMask = 2147483647;
			files = (
				B64AB0DC20BCC70A003B966C /* HomeKhaanaUITests.swift in Sources */,
			);
			runOnlyForDeploymentPostprocessing = 0;
		};
/* End PBXSourcesBuildPhase section */

/* Begin PBXTargetDependency section */
		B64AB0CE20BCC70A003B966C /* PBXTargetDependency */ = {
			isa = PBXTargetDependency;
			target = B64AB0B720BCC706003B966C /* HomeKhaana */;
			targetProxy = B64AB0CD20BCC70A003B966C /* PBXContainerItemProxy */;
		};
		B64AB0D920BCC70A003B966C /* PBXTargetDependency */ = {
			isa = PBXTargetDependency;
			target = B64AB0B720BCC706003B966C /* HomeKhaana */;
			targetProxy = B64AB0D820BCC70A003B966C /* PBXContainerItemProxy */;
		};
/* End PBXTargetDependency section */

/* Begin PBXVariantGroup section */
		B64AB0BF20BCC707003B966C /* Main.storyboard */ = {
			isa = PBXVariantGroup;
			children = (
				B64AB0C020BCC707003B966C /* Base */,
			);
			name = Main.storyboard;
			sourceTree = "<group>";
		};
		B64AB0C420BCC70A003B966C /* LaunchScreen.storyboard */ = {
			isa = PBXVariantGroup;
			children = (
				B64AB0C520BCC70A003B966C /* Base */,
			);
			name = LaunchScreen.storyboard;
			sourceTree = "<group>";
		};
/* End PBXVariantGroup section */

/* Begin XCBuildConfiguration section */
		B64AB0DE20BCC70A003B966C /* Debug */ = {
			isa = XCBuildConfiguration;
			buildSettings = {
				ALWAYS_SEARCH_USER_PATHS = NO;
				CLANG_ANALYZER_NONNULL = YES;
				CLANG_ANALYZER_NUMBER_OBJECT_CONVERSION = YES_AGGRESSIVE;
				CLANG_CXX_LANGUAGE_STANDARD = "gnu++14";
				CLANG_CXX_LIBRARY = "libc++";
				CLANG_ENABLE_MODULES = YES;
				CLANG_ENABLE_OBJC_ARC = YES;
				CLANG_ENABLE_OBJC_WEAK = YES;
				CLANG_WARN_BLOCK_CAPTURE_AUTORELEASING = YES;
				CLANG_WARN_BOOL_CONVERSION = YES;
				CLANG_WARN_COMMA = YES;
				CLANG_WARN_CONSTANT_CONVERSION = YES;
				CLANG_WARN_DEPRECATED_OBJC_IMPLEMENTATIONS = YES;
				CLANG_WARN_DIRECT_OBJC_ISA_USAGE = YES_ERROR;
				CLANG_WARN_DOCUMENTATION_COMMENTS = YES;
				CLANG_WARN_EMPTY_BODY = YES;
				CLANG_WARN_ENUM_CONVERSION = YES;
				CLANG_WARN_INFINITE_RECURSION = YES;
				CLANG_WARN_INT_CONVERSION = YES;
				CLANG_WARN_NON_LITERAL_NULL_CONVERSION = YES;
				CLANG_WARN_OBJC_IMPLICIT_RETAIN_SELF = YES;
				CLANG_WARN_OBJC_LITERAL_CONVERSION = YES;
				CLANG_WARN_OBJC_ROOT_CLASS = YES_ERROR;
				CLANG_WARN_QUOTED_INCLUDE_IN_FRAMEWORK_HEADER = YES;
				CLANG_WARN_RANGE_LOOP_ANALYSIS = YES;
				CLANG_WARN_STRICT_PROTOTYPES = YES;
				CLANG_WARN_SUSPICIOUS_MOVE = YES;
				CLANG_WARN_UNGUARDED_AVAILABILITY = YES_AGGRESSIVE;
				CLANG_WARN_UNREACHABLE_CODE = YES;
				CLANG_WARN__DUPLICATE_METHOD_MATCH = YES;
				CODE_SIGN_IDENTITY = "iPhone Developer";
				COPY_PHASE_STRIP = NO;
				DEBUG_INFORMATION_FORMAT = dwarf;
				ENABLE_BITCODE = NO;
				ENABLE_STRICT_OBJC_MSGSEND = YES;
				ENABLE_TESTABILITY = YES;
				GCC_C_LANGUAGE_STANDARD = gnu11;
				GCC_DYNAMIC_NO_PIC = NO;
				GCC_NO_COMMON_BLOCKS = YES;
				GCC_OPTIMIZATION_LEVEL = 0;
				GCC_PREPROCESSOR_DEFINITIONS = (
					"DEBUG=1",
					"$(inherited)",
				);
				GCC_WARN_64_TO_32_BIT_CONVERSION = YES;
				GCC_WARN_ABOUT_RETURN_TYPE = YES_ERROR;
				GCC_WARN_UNDECLARED_SELECTOR = YES;
				GCC_WARN_UNINITIALIZED_AUTOS = YES_AGGRESSIVE;
				GCC_WARN_UNUSED_FUNCTION = YES;
				GCC_WARN_UNUSED_VARIABLE = YES;
				IPHONEOS_DEPLOYMENT_TARGET = 12.0;
				MTL_ENABLE_DEBUG_INFO = YES;
				ONLY_ACTIVE_ARCH = YES;
				SDKROOT = iphoneos;
				SWIFT_ACTIVE_COMPILATION_CONDITIONS = DEBUG;
				SWIFT_OPTIMIZATION_LEVEL = "-Onone";
			};
			name = Debug;
		};
		B64AB0DF20BCC70A003B966C /* Release */ = {
			isa = XCBuildConfiguration;
			buildSettings = {
				ALWAYS_SEARCH_USER_PATHS = NO;
				CLANG_ANALYZER_NONNULL = YES;
				CLANG_ANALYZER_NUMBER_OBJECT_CONVERSION = YES_AGGRESSIVE;
				CLANG_CXX_LANGUAGE_STANDARD = "gnu++14";
				CLANG_CXX_LIBRARY = "libc++";
				CLANG_ENABLE_MODULES = YES;
				CLANG_ENABLE_OBJC_ARC = YES;
				CLANG_ENABLE_OBJC_WEAK = YES;
				CLANG_WARN_BLOCK_CAPTURE_AUTORELEASING = YES;
				CLANG_WARN_BOOL_CONVERSION = YES;
				CLANG_WARN_COMMA = YES;
				CLANG_WARN_CONSTANT_CONVERSION = YES;
				CLANG_WARN_DEPRECATED_OBJC_IMPLEMENTATIONS = YES;
				CLANG_WARN_DIRECT_OBJC_ISA_USAGE = YES_ERROR;
				CLANG_WARN_DOCUMENTATION_COMMENTS = YES;
				CLANG_WARN_EMPTY_BODY = YES;
				CLANG_WARN_ENUM_CONVERSION = YES;
				CLANG_WARN_INFINITE_RECURSION = YES;
				CLANG_WARN_INT_CONVERSION = YES;
				CLANG_WARN_NON_LITERAL_NULL_CONVERSION = YES;
				CLANG_WARN_OBJC_IMPLICIT_RETAIN_SELF = YES;
				CLANG_WARN_OBJC_LITERAL_CONVERSION = YES;
				CLANG_WARN_OBJC_ROOT_CLASS = YES_ERROR;
				CLANG_WARN_QUOTED_INCLUDE_IN_FRAMEWORK_HEADER = YES;
				CLANG_WARN_RANGE_LOOP_ANALYSIS = YES;
				CLANG_WARN_STRICT_PROTOTYPES = YES;
				CLANG_WARN_SUSPICIOUS_MOVE = YES;
				CLANG_WARN_UNGUARDED_AVAILABILITY = YES_AGGRESSIVE;
				CLANG_WARN_UNREACHABLE_CODE = YES;
				CLANG_WARN__DUPLICATE_METHOD_MATCH = YES;
				CODE_SIGN_IDENTITY = "iPhone Developer";
				COPY_PHASE_STRIP = NO;
				DEBUG_INFORMATION_FORMAT = "dwarf-with-dsym";
				ENABLE_BITCODE = YES;
				ENABLE_NS_ASSERTIONS = NO;
				ENABLE_STRICT_OBJC_MSGSEND = YES;
				GCC_C_LANGUAGE_STANDARD = gnu11;
				GCC_NO_COMMON_BLOCKS = YES;
				GCC_WARN_64_TO_32_BIT_CONVERSION = YES;
				GCC_WARN_ABOUT_RETURN_TYPE = YES_ERROR;
				GCC_WARN_UNDECLARED_SELECTOR = YES;
				GCC_WARN_UNINITIALIZED_AUTOS = YES_AGGRESSIVE;
				GCC_WARN_UNUSED_FUNCTION = YES;
				GCC_WARN_UNUSED_VARIABLE = YES;
				IPHONEOS_DEPLOYMENT_TARGET = 12.0;
				MTL_ENABLE_DEBUG_INFO = NO;
				ONLY_ACTIVE_ARCH = YES;
				SDKROOT = iphoneos;
				SWIFT_COMPILATION_MODE = wholemodule;
				SWIFT_OPTIMIZATION_LEVEL = "-O";
				VALIDATE_PRODUCT = YES;
			};
			name = Release;
		};
		B64AB0E120BCC70A003B966C /* Debug */ = {
			isa = XCBuildConfiguration;
			baseConfigurationReference = 6FA69C73945FC51EE35E2EC6 /* Pods-HomeKhaana.debug.xcconfig */;
			buildSettings = {
				ASSETCATALOG_COMPILER_APPICON_NAME = "AppIcon-2";
				CODE_SIGN_ENTITLEMENTS = HomeKhaana/HomeKhaana.entitlements;
				CODE_SIGN_IDENTITY = "Apple Development";
				CODE_SIGN_STYLE = Automatic;
				DEVELOPMENT_TEAM = 45Q3EPGGF2;
				ENABLE_BITCODE = NO;
				FRAMEWORK_SEARCH_PATHS = (
					"$(inherited)",
					"\"${PODS_CONFIGURATION_BUILD_DIR}/Bolts\"",
					"\"${PODS_CONFIGURATION_BUILD_DIR}/FBSDKCoreKit\"",
					"\"${PODS_CONFIGURATION_BUILD_DIR}/FBSDKLoginKit\"",
					"\"${PODS_CONFIGURATION_BUILD_DIR}/FBSDKShareKit\"",
					"\"${PODS_CONFIGURATION_BUILD_DIR}/FirebaseAuth\"",
					"\"${PODS_CONFIGURATION_BUILD_DIR}/FirebaseCore\"",
					"\"${PODS_CONFIGURATION_BUILD_DIR}/FirebaseDatabase\"",
					"\"${PODS_CONFIGURATION_BUILD_DIR}/FirebaseFunctions\"",
					"\"${PODS_CONFIGURATION_BUILD_DIR}/FirebaseMessaging\"/**",
					"\"${PODS_CONFIGURATION_BUILD_DIR}/FirebaseStorage\"",
					"\"${PODS_CONFIGURATION_BUILD_DIR}/GTMOAuth2\"",
					"\"${PODS_CONFIGURATION_BUILD_DIR}/GTMSessionFetcher\"",
					"\"${PODS_CONFIGURATION_BUILD_DIR}/GoogleToolboxForMac\"",
					"\"${PODS_CONFIGURATION_BUILD_DIR}/Protobuf\"",
					"\"${PODS_CONFIGURATION_BUILD_DIR}/Stripe\"",
					"\"${PODS_CONFIGURATION_BUILD_DIR}/leveldb-library\"",
					"\"${PODS_CONFIGURATION_BUILD_DIR}/nanopb\"",
					"\"${PODS_ROOT}/FirebaseAnalytics/Frameworks\"",
					"\"${PODS_ROOT}/FirebaseInstanceID/Frameworks\"/**",
					"\"${PODS_ROOT}/GoogleMaps/Base/Frameworks\"",
					"\"${PODS_ROOT}/GoogleMaps/Maps/Frameworks\"",
					"\"${PODS_ROOT}/GooglePlacePicker/Frameworks\"",
					"\"${PODS_ROOT}/GooglePlaces/Frameworks\"",
					"\"${PODS_ROOT}/GoogleSignIn/Frameworks\"",
				);
				GCC_NO_COMMON_BLOCKS = NO;
				INFOPLIST_FILE = HomeKhaana/Info.plist;
				IPHONEOS_DEPLOYMENT_TARGET = 12.0;
				LD_RUNPATH_SEARCH_PATHS = (
					"$(inherited)",
					"@executable_path/Frameworks",
				);
				MARKETING_VERSION = 1.1;
				OTHER_LDFLAGS = (
					"$(inherited)",
					"-l\"c++\"",
					"-l\"icucore\"",
					"-l\"sqlite3\"",
					"-l\"z\"",
					"-framework",
					"\"Accelerate\"",
					"-framework",
					"\"CFNetwork\"",
					"-framework",
					"\"CoreData\"",
					"-framework",
					"\"CoreGraphics\"",
					"-framework",
					"\"CoreImage\"",
					"-framework",
					"\"CoreLocation\"",
					"-framework",
					"\"CoreTelephony\"",
					"-framework",
					"\"CoreText\"",
					"-framework",
					"\"FBLPromises\"",
					"-framework",
					"\"FIRAnalyticsConnector\"",
					"-framework",
					"\"FirebaseAnalytics\"",
					"-framework",
					"\"FirebaseAuth\"",
					"-framework",
					"\"FirebaseCore\"",
					"-framework",
					"\"FirebaseCoreDiagnostics\"",
					"-framework",
					"\"FirebaseDatabase\"",
					"-framework",
					"\"FirebaseFunctions\"",
					"-framework",
					"\"FirebaseInstallations\"",
					"-framework",
					"\"FirebaseInstanceID\"",
					"-framework",
					"\"FirebaseMessaging\"",
					"-framework",
					"\"FirebaseStorage\"",
					"-framework",
					"\"Foundation\"",
					"-framework",
					"\"GLKit\"",
					"-framework",
					"\"GTMOAuth2\"",
					"-framework",
					"\"GTMSessionFetcher\"",
					"-framework",
					"\"GoogleAppMeasurement\"",
					"-framework",
					"\"GoogleDataTransport\"",
					"-framework",
					"\"GoogleMaps\"",
					"-framework",
					"\"GoogleMapsBase\"",
					"-framework",
					"\"GoogleMapsCore\"",
					"-framework",
					"\"GooglePlacePicker\"",
					"-framework",
					"\"GooglePlaces\"",
					"-framework",
					"\"GoogleSignIn\"",
					"-framework",
					"\"GoogleToolboxForMac\"",
					"-framework",
					"\"GoogleUtilities\"",
					"-framework",
					"\"ImageIO\"",
					"-framework",
					"\"MobileCoreServices\"",
					"-framework",
					"\"OpenGLES\"",
					"-framework",
					"\"Protobuf\"",
					"-framework",
					"\"QuartzCore\"",
					"-framework",
					"\"SafariServices\"",
					"-framework",
					"\"Security\"",
					"-framework",
					"\"StoreKit\"",
					"-framework",
					"\"Stripe\"",
					"-framework",
					"\"SystemConfiguration\"",
					"-framework",
					"\"UIKit\"",
					"-framework",
					"\"leveldb\"",
					"-framework",
					"\"nanopb\"",
					"-weak_framework",
					"\"UserNotifications\"",
				);
				PRODUCT_BUNDLE_IDENTIFIER = HomeKhaana.Main.2;
				PRODUCT_NAME = "$(TARGET_NAME)";
				PROVISIONING_PROFILE_SPECIFIER = "";
				SWIFT_OBJC_BRIDGING_HEADER = "Bridging-Header.h";
				SWIFT_VERSION = 4.2;
				TARGETED_DEVICE_FAMILY = 1;
			};
			name = Debug;
		};
		B64AB0E220BCC70A003B966C /* Release */ = {
			isa = XCBuildConfiguration;
			baseConfigurationReference = 23CA5AB441ED892E10D89321 /* Pods-HomeKhaana.release.xcconfig */;
			buildSettings = {
				ASSETCATALOG_COMPILER_APPICON_NAME = "AppIcon-2";
				CODE_SIGN_ENTITLEMENTS = HomeKhaana/HomeKhaana.entitlements;
				CODE_SIGN_IDENTITY = "Apple Development";
				CODE_SIGN_STYLE = Automatic;
				DEVELOPMENT_TEAM = 45Q3EPGGF2;
				ENABLE_BITCODE = NO;
				FRAMEWORK_SEARCH_PATHS = (
					"$(inherited)",
					"\"${PODS_CONFIGURATION_BUILD_DIR}/Bolts\"",
					"\"${PODS_CONFIGURATION_BUILD_DIR}/FBSDKCoreKit\"",
					"\"${PODS_CONFIGURATION_BUILD_DIR}/FBSDKLoginKit\"",
					"\"${PODS_CONFIGURATION_BUILD_DIR}/FBSDKShareKit\"",
					"\"${PODS_CONFIGURATION_BUILD_DIR}/FirebaseAuth\"",
					"\"${PODS_CONFIGURATION_BUILD_DIR}/FirebaseCore\"",
					"\"${PODS_CONFIGURATION_BUILD_DIR}/FirebaseDatabase\"",
					"\"${PODS_CONFIGURATION_BUILD_DIR}/FirebaseFunctions\"",
					"\"${PODS_CONFIGURATION_BUILD_DIR}/FirebaseMessaging\"",
					"\"${PODS_CONFIGURATION_BUILD_DIR}/FirebaseStorage\"",
					"\"${PODS_CONFIGURATION_BUILD_DIR}/GTMOAuth2\"",
					"\"${PODS_CONFIGURATION_BUILD_DIR}/GTMSessionFetcher\"",
					"\"${PODS_CONFIGURATION_BUILD_DIR}/GoogleToolboxForMac\"",
					"\"${PODS_CONFIGURATION_BUILD_DIR}/Protobuf\"",
					"\"${PODS_CONFIGURATION_BUILD_DIR}/Stripe\"",
					"\"${PODS_CONFIGURATION_BUILD_DIR}/leveldb-library\"",
					"\"${PODS_CONFIGURATION_BUILD_DIR}/nanopb\"",
					"\"${PODS_ROOT}/FirebaseAnalytics/Frameworks\"",
					"\"${PODS_ROOT}/GooglePlacePicker/Frameworks\"",
					"\"${PODS_ROOT}/FirebaseInstanceID/Frameworks\"",
				);
				GCC_NO_COMMON_BLOCKS = NO;
				INFOPLIST_FILE = HomeKhaana/Info.plist;
				IPHONEOS_DEPLOYMENT_TARGET = 12.0;
				LD_RUNPATH_SEARCH_PATHS = (
					"$(inherited)",
					"@executable_path/Frameworks",
				);
				MARKETING_VERSION = 1.1;
				OTHER_LDFLAGS = (
					"$(inherited)",
					"-l\"c++\"",
					"-l\"icucore\"",
					"-l\"sqlite3\"",
					"-l\"z\"",
					"-framework",
					"\"Accelerate\"",
					"-framework",
					"\"CFNetwork\"",
					"-framework",
					"\"CoreData\"",
					"-framework",
					"\"CoreGraphics\"",
					"-framework",
					"\"CoreImage\"",
					"-framework",
					"\"CoreLocation\"",
					"-framework",
					"\"CoreTelephony\"",
					"-framework",
					"\"CoreText\"",
					"-framework",
					"\"FBLPromises\"",
					"-framework",
					"\"FIRAnalyticsConnector\"",
					"-framework",
					"\"FirebaseAnalytics\"",
					"-framework",
					"\"FirebaseAuth\"",
					"-framework",
					"\"FirebaseCore\"",
					"-framework",
					"\"FirebaseCoreDiagnostics\"",
					"-framework",
					"\"FirebaseDatabase\"",
					"-framework",
					"\"FirebaseFunctions\"",
					"-framework",
					"\"FirebaseInstallations\"",
					"-framework",
					"\"FirebaseInstanceID\"",
					"-framework",
					"\"FirebaseMessaging\"",
					"-framework",
					"\"FirebaseStorage\"",
					"-framework",
					"\"Foundation\"",
					"-framework",
					"\"GLKit\"",
					"-framework",
					"\"GTMOAuth2\"",
					"-framework",
					"\"GTMSessionFetcher\"",
					"-framework",
					"\"GoogleAppMeasurement\"",
					"-framework",
					"\"GoogleDataTransport\"",
					"-framework",
					"\"GoogleMaps\"",
					"-framework",
					"\"GoogleMapsBase\"",
					"-framework",
					"\"GoogleMapsCore\"",
					"-framework",
					"\"GooglePlacePicker\"",
					"-framework",
					"\"GooglePlaces\"",
					"-framework",
					"\"GoogleSignIn\"",
					"-framework",
					"\"GoogleToolboxForMac\"",
					"-framework",
					"\"GoogleUtilities\"",
					"-framework",
					"\"ImageIO\"",
					"-framework",
					"\"MobileCoreServices\"",
					"-framework",
					"\"OpenGLES\"",
					"-framework",
					"\"Protobuf\"",
					"-framework",
					"\"QuartzCore\"",
					"-framework",
					"\"SafariServices\"",
					"-framework",
					"\"Security\"",
					"-framework",
					"\"StoreKit\"",
					"-framework",
					"\"Stripe\"",
					"-framework",
					"\"SystemConfiguration\"",
					"-framework",
					"\"UIKit\"",
					"-framework",
					"\"leveldb\"",
					"-framework",
					"\"nanopb\"",
					"-weak_framework",
					"\"UserNotifications\"",
				);
				PRODUCT_BUNDLE_IDENTIFIER = HomeKhaana.Main.2;
				PRODUCT_NAME = "$(TARGET_NAME)";
				PROVISIONING_PROFILE_SPECIFIER = "";
				SWIFT_OBJC_BRIDGING_HEADER = "Bridging-Header.h";
				SWIFT_OPTIMIZATION_LEVEL = "-O";
				SWIFT_VERSION = 4.2;
				TARGETED_DEVICE_FAMILY = 1;
			};
			name = Release;
		};
		B64AB0E420BCC70A003B966C /* Debug */ = {
			isa = XCBuildConfiguration;
			baseConfigurationReference = 84A39DE719CD6BEE884ADC37 /* Pods-HomeKhaanaTests.debug.xcconfig */;
			buildSettings = {
				ALWAYS_EMBED_SWIFT_STANDARD_LIBRARIES = YES;
				BUNDLE_LOADER = "$(TEST_HOST)";
				"CODE_SIGN_IDENTITY[sdk=macosx*]" = "Apple Development";
				CODE_SIGN_STYLE = Automatic;
				DEVELOPMENT_TEAM = 45Q3EPGGF2;
				ENABLE_BITCODE = NO;
				INFOPLIST_FILE = HomeKhaanaTests/Info.plist;
				LD_RUNPATH_SEARCH_PATHS = (
					"$(inherited)",
					"@executable_path/Frameworks",
					"@loader_path/Frameworks",
				);
				PRODUCT_BUNDLE_IDENTIFIER = HomeKhaana.HomeKhaanaTests;
				PRODUCT_NAME = "$(TARGET_NAME)";
				SWIFT_VERSION = 4.0;
				TARGETED_DEVICE_FAMILY = "1,2";
				TEST_HOST = "$(BUILT_PRODUCTS_DIR)/HomeKhaana.app/HomeKhaana";
			};
			name = Debug;
		};
		B64AB0E520BCC70A003B966C /* Release */ = {
			isa = XCBuildConfiguration;
			baseConfigurationReference = 0A9FDA8A1D9682BFD0DEE38B /* Pods-HomeKhaanaTests.release.xcconfig */;
			buildSettings = {
				ALWAYS_EMBED_SWIFT_STANDARD_LIBRARIES = YES;
				BUNDLE_LOADER = "$(TEST_HOST)";
				"CODE_SIGN_IDENTITY[sdk=macosx*]" = "Apple Development";
				CODE_SIGN_STYLE = Automatic;
				DEVELOPMENT_TEAM = 45Q3EPGGF2;
				ENABLE_BITCODE = NO;
				INFOPLIST_FILE = HomeKhaanaTests/Info.plist;
				LD_RUNPATH_SEARCH_PATHS = (
					"$(inherited)",
					"@executable_path/Frameworks",
					"@loader_path/Frameworks",
				);
				PRODUCT_BUNDLE_IDENTIFIER = HomeKhaana.HomeKhaanaTests;
				PRODUCT_NAME = "$(TARGET_NAME)";
				SWIFT_VERSION = 4.0;
				TARGETED_DEVICE_FAMILY = "1,2";
				TEST_HOST = "$(BUILT_PRODUCTS_DIR)/HomeKhaana.app/HomeKhaana";
			};
			name = Release;
		};
		B64AB0E720BCC70A003B966C /* Debug */ = {
			isa = XCBuildConfiguration;
			baseConfigurationReference = F10594AE12CC2B163B62D882 /* Pods-HomeKhaanaUITests.debug.xcconfig */;
			buildSettings = {
				ALWAYS_EMBED_SWIFT_STANDARD_LIBRARIES = YES;
				"CODE_SIGN_IDENTITY[sdk=macosx*]" = "Apple Development";
				CODE_SIGN_STYLE = Automatic;
				DEVELOPMENT_TEAM = 45Q3EPGGF2;
				ENABLE_BITCODE = NO;
				INFOPLIST_FILE = HomeKhaanaUITests/Info.plist;
				LD_RUNPATH_SEARCH_PATHS = (
					"$(inherited)",
					"@executable_path/Frameworks",
					"@loader_path/Frameworks",
				);
				PRODUCT_BUNDLE_IDENTIFIER = HomeKhaana.HomeKhaanaUITests;
				PRODUCT_NAME = "$(TARGET_NAME)";
				SWIFT_VERSION = 4.0;
				TARGETED_DEVICE_FAMILY = "1,2";
				TEST_TARGET_NAME = HomeKhaana;
			};
			name = Debug;
		};
		B64AB0E820BCC70A003B966C /* Release */ = {
			isa = XCBuildConfiguration;
			baseConfigurationReference = FEEECB2E7BC68617413EFEF6 /* Pods-HomeKhaanaUITests.release.xcconfig */;
			buildSettings = {
				ALWAYS_EMBED_SWIFT_STANDARD_LIBRARIES = YES;
				"CODE_SIGN_IDENTITY[sdk=macosx*]" = "Apple Development";
				CODE_SIGN_STYLE = Automatic;
				DEVELOPMENT_TEAM = 45Q3EPGGF2;
				ENABLE_BITCODE = NO;
				INFOPLIST_FILE = HomeKhaanaUITests/Info.plist;
				LD_RUNPATH_SEARCH_PATHS = (
					"$(inherited)",
					"@executable_path/Frameworks",
					"@loader_path/Frameworks",
				);
				PRODUCT_BUNDLE_IDENTIFIER = HomeKhaana.HomeKhaanaUITests;
				PRODUCT_NAME = "$(TARGET_NAME)";
				SWIFT_VERSION = 4.0;
				TARGETED_DEVICE_FAMILY = "1,2";
				TEST_TARGET_NAME = HomeKhaana;
			};
			name = Release;
		};
/* End XCBuildConfiguration section */

/* Begin XCConfigurationList section */
		B64AB0B320BCC706003B966C /* Build configuration list for PBXProject "HomeKhaana" */ = {
			isa = XCConfigurationList;
			buildConfigurations = (
				B64AB0DE20BCC70A003B966C /* Debug */,
				B64AB0DF20BCC70A003B966C /* Release */,
			);
			defaultConfigurationIsVisible = 0;
			defaultConfigurationName = Release;
		};
		B64AB0E020BCC70A003B966C /* Build configuration list for PBXNativeTarget "HomeKhaana" */ = {
			isa = XCConfigurationList;
			buildConfigurations = (
				B64AB0E120BCC70A003B966C /* Debug */,
				B64AB0E220BCC70A003B966C /* Release */,
			);
			defaultConfigurationIsVisible = 0;
			defaultConfigurationName = Release;
		};
		B64AB0E320BCC70A003B966C /* Build configuration list for PBXNativeTarget "HomeKhaanaTests" */ = {
			isa = XCConfigurationList;
			buildConfigurations = (
				B64AB0E420BCC70A003B966C /* Debug */,
				B64AB0E520BCC70A003B966C /* Release */,
			);
			defaultConfigurationIsVisible = 0;
			defaultConfigurationName = Release;
		};
		B64AB0E620BCC70A003B966C /* Build configuration list for PBXNativeTarget "HomeKhaanaUITests" */ = {
			isa = XCConfigurationList;
			buildConfigurations = (
				B64AB0E720BCC70A003B966C /* Debug */,
				B64AB0E820BCC70A003B966C /* Release */,
			);
			defaultConfigurationIsVisible = 0;
			defaultConfigurationName = Release;
		};
/* End XCConfigurationList section */
	};
	rootObject = B64AB0B020BCC706003B966C /* Project object */;
}
